
Microsoft Visual Studio Solution File, Format Version 12.00
# Visual Studio Version 16
VisualStudioVersion = 16.0.30621.155
MinimumVisualStudioVersion = 10.0.40219.1
Project("{FAE04EC0-301F-11D3-BF4B-00C04F79EFBC}") = "ShopBridge", "ShopBridge\ShopBridge.csproj", "{9E395CF9-E18D-4E49-A74F-CA2A781C5794}"
EndProject
Project("{FAE04EC0-301F-11D3-BF4B-00C04F79EFBC}") = "ShopBridgeAPI", "ShopBridgeAPI\ShopBridgeAPI.csproj", "{B86DE1FB-92E6-415F-8C8D-C0014FDCB1B1}"
EndProject
Global
	GlobalSection(SolutionConfigurationPlatforms) = preSolution
		Debug|Any CPU = Debug|Any CPU
		Release|Any CPU = Release|Any CPU
	EndGlobalSection
	GlobalSection(ProjectConfigurationPlatforms) = postSolution
		{9E395CF9-E18D-4E49-A74F-CA2A781C5794}.Debug|Any CPU.ActiveCfg = Debug|Any CPU
		{9E395CF9-E18D-4E49-A74F-CA2A781C5794}.Debug|Any CPU.Build.0 = Debug|Any CPU
		{9E395CF9-E18D-4E49-A74F-CA2A781C5794}.Release|Any CPU.ActiveCfg = Release|Any CPU
		{9E395CF9-E18D-4E49-A74F-CA2A781C5794}.Release|Any CPU.Build.0 = Release|Any CPU
		{B86DE1FB-92E6-415F-8C8D-C0014FDCB1B1}.Debug|Any CPU.ActiveCfg = Debug|Any CPU
		{B86DE1FB-92E6-415F-8C8D-C0014FDCB1B1}.Debug|Any CPU.Build.0 = Debug|Any CPU
		{B86DE1FB-92E6-415F-8C8D-C0014FDCB1B1}.Release|Any CPU.ActiveCfg = Release|Any CPU
		{B86DE1FB-92E6-415F-8C8D-C0014FDCB1B1}.Release|Any CPU.Build.0 = Release|Any CPU
	EndGlobalSection
	GlobalSection(SolutionProperties) = preSolution
		HideSolutionNode = FALSE
	EndGlobalSection
	GlobalSection(ExtensibilityGlobals) = postSolution
		SolutionGuid = {47D80242-2E47-4B85-B372-91DD5A80CD89}
	EndGlobalSection
EndGlobal
